
Microsoft Visual Studio Solution File, Format Version 12.00
# Visual Studio Version 17
VisualStudioVersion = 17.12.35514.174
MinimumVisualStudioVersion = 10.0.40219.1
Project("{FAE04EC0-301F-11D3-BF4B-00C04F79EFBC}") = "StudentService", "StudentService\StudentService.csproj", "{92383C99-EBC4-48EB-B1F5-7CB9D1022274}"
EndProject
Project("{FAE04EC0-301F-11D3-BF4B-00C04F79EFBC}") = "TeacherService", "TeacherService\TeacherService.csproj", "{9D3D4017-1C0C-46D2-A6B3-DB22958E0A1A}"
EndProject
Project("{FAE04EC0-301F-11D3-BF4B-00C04F79EFBC}") = "OcelotGateway", "OcelotGateway\OcelotGateway.csproj", "{D5CA11A2-182D-4154-B855-11F7FD01C049}"
EndProject
Global
	GlobalSection(SolutionConfigurationPlatforms) = preSolution
		Debug|Any CPU = Debug|Any CPU
		Release|Any CPU = Release|Any CPU
	EndGlobalSection
	GlobalSection(ProjectConfigurationPlatforms) = postSolution
		{92383C99-EBC4-48EB-B1F5-7CB9D1022274}.Debug|Any CPU.ActiveCfg = Debug|Any CPU
		{92383C99-EBC4-48EB-B1F5-7CB9D1022274}.Debug|Any CPU.Build.0 = Debug|Any CPU
		{92383C99-EBC4-48EB-B1F5-7CB9D1022274}.Release|Any CPU.ActiveCfg = Release|Any CPU
		{92383C99-EBC4-48EB-B1F5-7CB9D1022274}.Release|Any CPU.Build.0 = Release|Any CPU
		{9D3D4017-1C0C-46D2-A6B3-DB22958E0A1A}.Debug|Any CPU.ActiveCfg = Debug|Any CPU
		{9D3D4017-1C0C-46D2-A6B3-DB22958E0A1A}.Debug|Any CPU.Build.0 = Debug|Any CPU
		{9D3D4017-1C0C-46D2-A6B3-DB22958E0A1A}.Release|Any CPU.ActiveCfg = Release|Any CPU
		{9D3D4017-1C0C-46D2-A6B3-DB22958E0A1A}.Release|Any CPU.Build.0 = Release|Any CPU
		{D5CA11A2-182D-4154-B855-11F7FD01C049}.Debug|Any CPU.ActiveCfg = Debug|Any CPU
		{D5CA11A2-182D-4154-B855-11F7FD01C049}.Debug|Any CPU.Build.0 = Debug|Any CPU
		{D5CA11A2-182D-4154-B855-11F7FD01C049}.Release|Any CPU.ActiveCfg = Release|Any CPU
		{D5CA11A2-182D-4154-B855-11F7FD01C049}.Release|Any CPU.Build.0 = Release|Any CPU
	EndGlobalSection
	GlobalSection(SolutionProperties) = preSolution
		HideSolutionNode = FALSE
	EndGlobalSection
EndGlobal
